
Microsoft Visual Studio Solution File, Format Version 12.00
# Visual Studio Version 16
VisualStudioVersion = 16.0.30523.141
MinimumVisualStudioVersion = 10.0.40219.1
Project("{FAE04EC0-301F-11D3-BF4B-00C04F79EFBC}") = "Aetna", "Aetna\Aetna.csproj", "{6885D6C6-45FF-41AA-9E80-B98FBE4F3142}"
EndProject
Project("{FAE04EC0-301F-11D3-BF4B-00C04F79EFBC}") = "AetnaAPI", "AetnaAPI\AetnaAPI.csproj", "{60A6DD70-3ABF-467F-BDB8-11CE6798A5F1}"
EndProject
Global
	GlobalSection(SolutionConfigurationPlatforms) = preSolution
		Debug|Any CPU = Debug|Any CPU
		Release|Any CPU = Release|Any CPU
	EndGlobalSection
	GlobalSection(ProjectConfigurationPlatforms) = postSolution
		{6885D6C6-45FF-41AA-9E80-B98FBE4F3142}.Debug|Any CPU.ActiveCfg = Debug|Any CPU
		{6885D6C6-45FF-41AA-9E80-B98FBE4F3142}.Debug|Any CPU.Build.0 = Debug|Any CPU
		{6885D6C6-45FF-41AA-9E80-B98FBE4F3142}.Release|Any CPU.ActiveCfg = Release|Any CPU
		{6885D6C6-45FF-41AA-9E80-B98FBE4F3142}.Release|Any CPU.Build.0 = Release|Any CPU
		{60A6DD70-3ABF-467F-BDB8-11CE6798A5F1}.Debug|Any CPU.ActiveCfg = Debug|Any CPU
		{60A6DD70-3ABF-467F-BDB8-11CE6798A5F1}.Debug|Any CPU.Build.0 = Debug|Any CPU
		{60A6DD70-3ABF-467F-BDB8-11CE6798A5F1}.Release|Any CPU.ActiveCfg = Release|Any CPU
		{60A6DD70-3ABF-467F-BDB8-11CE6798A5F1}.Release|Any CPU.Build.0 = Release|Any CPU
	EndGlobalSection
	GlobalSection(SolutionProperties) = preSolution
		HideSolutionNode = FALSE
	EndGlobalSection
	GlobalSection(ExtensibilityGlobals) = postSolution
		SolutionGuid = {B83A9036-F628-41DB-A37C-CD3C3BBB12F1}
	EndGlobalSection
EndGlobal
